
Microsoft Visual Studio Solution File, Format Version 12.00
# Visual Studio Version 17
VisualStudioVersion = 17.10.34928.147
MinimumVisualStudioVersion = 10.0.40219.1
Project("{9A19103F-16F7-4668-BE54-9A1E7A4F7556}") = "Collections", "Collections\Collections.csproj", "{5D80072B-5484-45DB-8CD1-E8DAB5C1A167}"
EndProject
Project("{2150E333-8FDC-42A3-9474-1A3956D46DE8}") = "Collection", "Collection", "{07A30147-BC3F-43A6-9852-947C59A8CF40}"
EndProject
Project("{2150E333-8FDC-42A3-9474-1A3956D46DE8}") = "IEnumerable", "IEnumerable", "{3C658F96-D3D4-4C97-B66F-A4855BBFF213}"
EndProject
Project("{9A19103F-16F7-4668-BE54-9A1E7A4F7556}") = "IEnumerable", "IEnumerable\IEnumerable.csproj", "{6187163D-23D0-4E1C-ABA0-7352727A4C5D}"
EndProject
Project("{2150E333-8FDC-42A3-9474-1A3956D46DE8}") = "Arrays", "Arrays", "{FE9B8877-51C1-422D-A575-1D164FCEC219}"
EndProject
Project("{2150E333-8FDC-42A3-9474-1A3956D46DE8}") = "Lists", "Lists", "{C3EA6C9F-CD8F-4679-8405-54427440877D}"
EndProject
Project("{9A19103F-16F7-4668-BE54-9A1E7A4F7556}") = "Arrays", "Arrays\Arrays.csproj", "{43F6D87F-821D-42C3-8935-50D304521343}"
EndProject
Project("{9A19103F-16F7-4668-BE54-9A1E7A4F7556}") = "MinMax", "MinMax\MinMax.csproj", "{8EFAD14B-717F-4DBD-943D-EA2CC912AE28}"
EndProject
Project("{9A19103F-16F7-4668-BE54-9A1E7A4F7556}") = "ReversedArray", "ReversedArray\ReversedArray.csproj", "{F29BECE5-6407-4C92-884D-A3331EC62B9D}"
EndProject
Project("{FAE04EC0-301F-11D3-BF4B-00C04F79EFBC}") = "IntroToArrayExercise", "IntroToArrayExercise\IntroToArrayExercise.csproj", "{34ABED11-3753-4307-987F-E6E260339402}"
EndProject
Global
	GlobalSection(SolutionConfigurationPlatforms) = preSolution
		Debug|Any CPU = Debug|Any CPU
		Release|Any CPU = Release|Any CPU
	EndGlobalSection
	GlobalSection(ProjectConfigurationPlatforms) = postSolution
		{5D80072B-5484-45DB-8CD1-E8DAB5C1A167}.Debug|Any CPU.ActiveCfg = Debug|Any CPU
		{5D80072B-5484-45DB-8CD1-E8DAB5C1A167}.Debug|Any CPU.Build.0 = Debug|Any CPU
		{5D80072B-5484-45DB-8CD1-E8DAB5C1A167}.Release|Any CPU.ActiveCfg = Release|Any CPU
		{5D80072B-5484-45DB-8CD1-E8DAB5C1A167}.Release|Any CPU.Build.0 = Release|Any CPU
		{6187163D-23D0-4E1C-ABA0-7352727A4C5D}.Debug|Any CPU.ActiveCfg = Debug|Any CPU
		{6187163D-23D0-4E1C-ABA0-7352727A4C5D}.Debug|Any CPU.Build.0 = Debug|Any CPU
		{6187163D-23D0-4E1C-ABA0-7352727A4C5D}.Release|Any CPU.ActiveCfg = Release|Any CPU
		{6187163D-23D0-4E1C-ABA0-7352727A4C5D}.Release|Any CPU.Build.0 = Release|Any CPU
		{43F6D87F-821D-42C3-8935-50D304521343}.Debug|Any CPU.ActiveCfg = Debug|Any CPU
		{43F6D87F-821D-42C3-8935-50D304521343}.Debug|Any CPU.Build.0 = Debug|Any CPU
		{43F6D87F-821D-42C3-8935-50D304521343}.Release|Any CPU.ActiveCfg = Release|Any CPU
		{43F6D87F-821D-42C3-8935-50D304521343}.Release|Any CPU.Build.0 = Release|Any CPU
		{8EFAD14B-717F-4DBD-943D-EA2CC912AE28}.Debug|Any CPU.ActiveCfg = Debug|Any CPU
		{8EFAD14B-717F-4DBD-943D-EA2CC912AE28}.Debug|Any CPU.Build.0 = Debug|Any CPU
		{8EFAD14B-717F-4DBD-943D-EA2CC912AE28}.Release|Any CPU.ActiveCfg = Release|Any CPU
		{8EFAD14B-717F-4DBD-943D-EA2CC912AE28}.Release|Any CPU.Build.0 = Release|Any CPU
		{F29BECE5-6407-4C92-884D-A3331EC62B9D}.Debug|Any CPU.ActiveCfg = Debug|Any CPU
		{F29BECE5-6407-4C92-884D-A3331EC62B9D}.Debug|Any CPU.Build.0 = Debug|Any CPU
		{F29BECE5-6407-4C92-884D-A3331EC62B9D}.Release|Any CPU.ActiveCfg = Release|Any CPU
		{F29BECE5-6407-4C92-884D-A3331EC62B9D}.Release|Any CPU.Build.0 = Release|Any CPU
		{34ABED11-3753-4307-987F-E6E260339402}.Debug|Any CPU.ActiveCfg = Debug|Any CPU
		{34ABED11-3753-4307-987F-E6E260339402}.Debug|Any CPU.Build.0 = Debug|Any CPU
		{34ABED11-3753-4307-987F-E6E260339402}.Release|Any CPU.ActiveCfg = Release|Any CPU
		{34ABED11-3753-4307-987F-E6E260339402}.Release|Any CPU.Build.0 = Release|Any CPU
	EndGlobalSection
	GlobalSection(SolutionProperties) = preSolution
		HideSolutionNode = FALSE
	EndGlobalSection
	GlobalSection(NestedProjects) = preSolution
		{5D80072B-5484-45DB-8CD1-E8DAB5C1A167} = {07A30147-BC3F-43A6-9852-947C59A8CF40}
		{3C658F96-D3D4-4C97-B66F-A4855BBFF213} = {07A30147-BC3F-43A6-9852-947C59A8CF40}
		{6187163D-23D0-4E1C-ABA0-7352727A4C5D} = {3C658F96-D3D4-4C97-B66F-A4855BBFF213}
		{FE9B8877-51C1-422D-A575-1D164FCEC219} = {07A30147-BC3F-43A6-9852-947C59A8CF40}
		{C3EA6C9F-CD8F-4679-8405-54427440877D} = {07A30147-BC3F-43A6-9852-947C59A8CF40}
		{43F6D87F-821D-42C3-8935-50D304521343} = {FE9B8877-51C1-422D-A575-1D164FCEC219}
		{8EFAD14B-717F-4DBD-943D-EA2CC912AE28} = {FE9B8877-51C1-422D-A575-1D164FCEC219}
		{F29BECE5-6407-4C92-884D-A3331EC62B9D} = {FE9B8877-51C1-422D-A575-1D164FCEC219}
		{34ABED11-3753-4307-987F-E6E260339402} = {FE9B8877-51C1-422D-A575-1D164FCEC219}
	EndGlobalSection
	GlobalSection(ExtensibilityGlobals) = postSolution
		SolutionGuid = {370368C0-2D22-474A-9F8E-BB7F94C050ED}
	EndGlobalSection
EndGlobal
