
Microsoft Visual Studio Solution File, Format Version 12.00
# Visual Studio Version 17
VisualStudioVersion = 17.9.34728.123
MinimumVisualStudioVersion = 10.0.40219.1
Project("{9A19103F-16F7-4668-BE54-9A1E7A4F7556}") = "OOP", "OOP\OOP.csproj", "{5901B0EC-A523-4F6B-99E4-06E6BCE0711D}"
EndProject
Project("{2150E333-8FDC-42A3-9474-1A3956D46DE8}") = "Classes", "Classes", "{FAFF79F8-26A3-47D9-B3D8-83C2BDF1247B}"
EndProject
Project("{9A19103F-16F7-4668-BE54-9A1E7A4F7556}") = "IntroToClasses", "IntroToClasses\IntroToClasses.csproj", "{D966B1D0-C7B1-4B67-B39C-F480CD0FF7AF}"
EndProject
Project("{9A19103F-16F7-4668-BE54-9A1E7A4F7556}") = "Constructors", "Constructors\Constructors.csproj", "{AB9158A8-95BD-4D66-9F10-3953814E74FE}"
EndProject
Project("{9A19103F-16F7-4668-BE54-9A1E7A4F7556}") = "StaticMembers", "StaticMembers\StaticMembers.csproj", "{7B8938B0-4830-47C8-8D1A-52258FBC5898}"
EndProject
Project("{9A19103F-16F7-4668-BE54-9A1E7A4F7556}") = "InstanceMembers", "InstanceMembers\InstanceMembers.csproj", "{BDE18E86-C387-408F-AF23-774D97785386}"
EndProject
Project("{9A19103F-16F7-4668-BE54-9A1E7A4F7556}") = "Properties", "Properties\Properties.csproj", "{2E941362-15FF-41FA-976A-F58BFBA41081}"
EndProject
Project("{9A19103F-16F7-4668-BE54-9A1E7A4F7556}") = "AutoImplementedProp", "AutoImplementedProp\AutoImplementedProp.csproj", "{F511169B-888D-4655-9E48-E57DF56522DD}"
EndProject
Project("{2150E333-8FDC-42A3-9474-1A3956D46DE8}") = "Inheritance", "Inheritance", "{E936B385-CB13-4A1F-B6F2-5AF95AE1A32B}"
EndProject
Project("{9A19103F-16F7-4668-BE54-9A1E7A4F7556}") = "InheritanceBasics", "InheritanceBasics\InheritanceBasics.csproj", "{47B62A70-A269-41C5-B938-8D77A4E932BF}"
EndProject
Project("{9A19103F-16F7-4668-BE54-9A1E7A4F7556}") = "InherTypesAccMod", "InherTypesAccMod\InherTypesAccMod.csproj", "{0A0E1161-7D69-402F-9667-55622018000E}"
EndProject
Project("{9A19103F-16F7-4668-BE54-9A1E7A4F7556}") = "MethodHiding", "MethodHiding\MethodHiding.csproj", "{61F146DC-6C3B-4A74-9358-68743C18E022}"
EndProject
Project("{9A19103F-16F7-4668-BE54-9A1E7A4F7556}") = "DateTimeClass", "DateTimeClass\DateTimeClass.csproj", "{6C197049-FA65-4A5B-BF1C-0179FDB22B0F}"
EndProject
Project("{2150E333-8FDC-42A3-9474-1A3956D46DE8}") = "Abstraction", "Abstraction", "{C2FFDCDD-3EE0-4349-A7E8-C3F9213CAE61}"
EndProject
Project("{9A19103F-16F7-4668-BE54-9A1E7A4F7556}") = "Abstraction", "Abstraction\Abstraction.csproj", "{674EE262-75CD-4C7B-84EC-88ACE52B22A0}"
EndProject
Project("{9A19103F-16F7-4668-BE54-9A1E7A4F7556}") = "TopLevelStatementsRestrictions", "TopLevelStatementsRestrictions\TopLevelStatementsRestrictions.csproj", "{BC61A376-842A-4A34-B16A-86DB56EE9B30}"
EndProject
Project("{2150E333-8FDC-42A3-9474-1A3956D46DE8}") = "Encapsulation", "Encapsulation", "{9BCBCDBB-4719-4800-8084-A7F7EBD5C78C}"
EndProject
Project("{9A19103F-16F7-4668-BE54-9A1E7A4F7556}") = "Encapsulation", "Encapsulation\Encapsulation.csproj", "{F91202B9-20CE-4E38-B637-B561B25E0B53}"
EndProject
Project("{2150E333-8FDC-42A3-9474-1A3956D46DE8}") = "Polymorphism", "Polymorphism", "{D0546187-4158-4B85-9B1F-498BDD934B15}"
EndProject
Project("{9A19103F-16F7-4668-BE54-9A1E7A4F7556}") = "MethodOverride", "Polymorphism\MethodOverride.csproj", "{5E4D5385-B87C-4EC0-83AD-C26CC60E88CF}"
EndProject
Project("{FAE04EC0-301F-11D3-BF4B-00C04F79EFBC}") = "OverridingVsHiding", "OverridingVsHiding\OverridingVsHiding.csproj", "{63613AAE-1AE5-4329-9CDC-978833E485F3}"
EndProject
Project("{FAE04EC0-301F-11D3-BF4B-00C04F79EFBC}") = "MethodOverloading", "MethodOverloading\MethodOverloading.csproj", "{B4C8B6A2-9E22-49C5-9FE6-8FCBC1C3274F}"
EndProject
Global
	GlobalSection(SolutionConfigurationPlatforms) = preSolution
		Debug|Any CPU = Debug|Any CPU
		Release|Any CPU = Release|Any CPU
	EndGlobalSection
	GlobalSection(ProjectConfigurationPlatforms) = postSolution
		{5901B0EC-A523-4F6B-99E4-06E6BCE0711D}.Debug|Any CPU.ActiveCfg = Debug|Any CPU
		{5901B0EC-A523-4F6B-99E4-06E6BCE0711D}.Debug|Any CPU.Build.0 = Debug|Any CPU
		{5901B0EC-A523-4F6B-99E4-06E6BCE0711D}.Release|Any CPU.ActiveCfg = Release|Any CPU
		{5901B0EC-A523-4F6B-99E4-06E6BCE0711D}.Release|Any CPU.Build.0 = Release|Any CPU
		{D966B1D0-C7B1-4B67-B39C-F480CD0FF7AF}.Debug|Any CPU.ActiveCfg = Debug|Any CPU
		{D966B1D0-C7B1-4B67-B39C-F480CD0FF7AF}.Debug|Any CPU.Build.0 = Debug|Any CPU
		{D966B1D0-C7B1-4B67-B39C-F480CD0FF7AF}.Release|Any CPU.ActiveCfg = Release|Any CPU
		{D966B1D0-C7B1-4B67-B39C-F480CD0FF7AF}.Release|Any CPU.Build.0 = Release|Any CPU
		{AB9158A8-95BD-4D66-9F10-3953814E74FE}.Debug|Any CPU.ActiveCfg = Debug|Any CPU
		{AB9158A8-95BD-4D66-9F10-3953814E74FE}.Debug|Any CPU.Build.0 = Debug|Any CPU
		{AB9158A8-95BD-4D66-9F10-3953814E74FE}.Release|Any CPU.ActiveCfg = Release|Any CPU
		{AB9158A8-95BD-4D66-9F10-3953814E74FE}.Release|Any CPU.Build.0 = Release|Any CPU
		{7B8938B0-4830-47C8-8D1A-52258FBC5898}.Debug|Any CPU.ActiveCfg = Debug|Any CPU
		{7B8938B0-4830-47C8-8D1A-52258FBC5898}.Debug|Any CPU.Build.0 = Debug|Any CPU
		{7B8938B0-4830-47C8-8D1A-52258FBC5898}.Release|Any CPU.ActiveCfg = Release|Any CPU
		{7B8938B0-4830-47C8-8D1A-52258FBC5898}.Release|Any CPU.Build.0 = Release|Any CPU
		{BDE18E86-C387-408F-AF23-774D97785386}.Debug|Any CPU.ActiveCfg = Debug|Any CPU
		{BDE18E86-C387-408F-AF23-774D97785386}.Debug|Any CPU.Build.0 = Debug|Any CPU
		{BDE18E86-C387-408F-AF23-774D97785386}.Release|Any CPU.ActiveCfg = Release|Any CPU
		{BDE18E86-C387-408F-AF23-774D97785386}.Release|Any CPU.Build.0 = Release|Any CPU
		{2E941362-15FF-41FA-976A-F58BFBA41081}.Debug|Any CPU.ActiveCfg = Debug|Any CPU
		{2E941362-15FF-41FA-976A-F58BFBA41081}.Debug|Any CPU.Build.0 = Debug|Any CPU
		{2E941362-15FF-41FA-976A-F58BFBA41081}.Release|Any CPU.ActiveCfg = Release|Any CPU
		{2E941362-15FF-41FA-976A-F58BFBA41081}.Release|Any CPU.Build.0 = Release|Any CPU
		{F511169B-888D-4655-9E48-E57DF56522DD}.Debug|Any CPU.ActiveCfg = Debug|Any CPU
		{F511169B-888D-4655-9E48-E57DF56522DD}.Debug|Any CPU.Build.0 = Debug|Any CPU
		{F511169B-888D-4655-9E48-E57DF56522DD}.Release|Any CPU.ActiveCfg = Release|Any CPU
		{F511169B-888D-4655-9E48-E57DF56522DD}.Release|Any CPU.Build.0 = Release|Any CPU
		{47B62A70-A269-41C5-B938-8D77A4E932BF}.Debug|Any CPU.ActiveCfg = Debug|Any CPU
		{47B62A70-A269-41C5-B938-8D77A4E932BF}.Debug|Any CPU.Build.0 = Debug|Any CPU
		{47B62A70-A269-41C5-B938-8D77A4E932BF}.Release|Any CPU.ActiveCfg = Release|Any CPU
		{47B62A70-A269-41C5-B938-8D77A4E932BF}.Release|Any CPU.Build.0 = Release|Any CPU
		{0A0E1161-7D69-402F-9667-55622018000E}.Debug|Any CPU.ActiveCfg = Debug|Any CPU
		{0A0E1161-7D69-402F-9667-55622018000E}.Debug|Any CPU.Build.0 = Debug|Any CPU
		{0A0E1161-7D69-402F-9667-55622018000E}.Release|Any CPU.ActiveCfg = Release|Any CPU
		{0A0E1161-7D69-402F-9667-55622018000E}.Release|Any CPU.Build.0 = Release|Any CPU
		{61F146DC-6C3B-4A74-9358-68743C18E022}.Debug|Any CPU.ActiveCfg = Debug|Any CPU
		{61F146DC-6C3B-4A74-9358-68743C18E022}.Debug|Any CPU.Build.0 = Debug|Any CPU
		{61F146DC-6C3B-4A74-9358-68743C18E022}.Release|Any CPU.ActiveCfg = Release|Any CPU
		{61F146DC-6C3B-4A74-9358-68743C18E022}.Release|Any CPU.Build.0 = Release|Any CPU
		{6C197049-FA65-4A5B-BF1C-0179FDB22B0F}.Debug|Any CPU.ActiveCfg = Debug|Any CPU
		{6C197049-FA65-4A5B-BF1C-0179FDB22B0F}.Debug|Any CPU.Build.0 = Debug|Any CPU
		{6C197049-FA65-4A5B-BF1C-0179FDB22B0F}.Release|Any CPU.ActiveCfg = Release|Any CPU
		{6C197049-FA65-4A5B-BF1C-0179FDB22B0F}.Release|Any CPU.Build.0 = Release|Any CPU
		{674EE262-75CD-4C7B-84EC-88ACE52B22A0}.Debug|Any CPU.ActiveCfg = Debug|Any CPU
		{674EE262-75CD-4C7B-84EC-88ACE52B22A0}.Debug|Any CPU.Build.0 = Debug|Any CPU
		{674EE262-75CD-4C7B-84EC-88ACE52B22A0}.Release|Any CPU.ActiveCfg = Release|Any CPU
		{674EE262-75CD-4C7B-84EC-88ACE52B22A0}.Release|Any CPU.Build.0 = Release|Any CPU
		{BC61A376-842A-4A34-B16A-86DB56EE9B30}.Debug|Any CPU.ActiveCfg = Debug|Any CPU
		{BC61A376-842A-4A34-B16A-86DB56EE9B30}.Debug|Any CPU.Build.0 = Debug|Any CPU
		{BC61A376-842A-4A34-B16A-86DB56EE9B30}.Release|Any CPU.ActiveCfg = Release|Any CPU
		{BC61A376-842A-4A34-B16A-86DB56EE9B30}.Release|Any CPU.Build.0 = Release|Any CPU
		{F91202B9-20CE-4E38-B637-B561B25E0B53}.Debug|Any CPU.ActiveCfg = Debug|Any CPU
		{F91202B9-20CE-4E38-B637-B561B25E0B53}.Debug|Any CPU.Build.0 = Debug|Any CPU
		{F91202B9-20CE-4E38-B637-B561B25E0B53}.Release|Any CPU.ActiveCfg = Release|Any CPU
		{F91202B9-20CE-4E38-B637-B561B25E0B53}.Release|Any CPU.Build.0 = Release|Any CPU
		{5E4D5385-B87C-4EC0-83AD-C26CC60E88CF}.Debug|Any CPU.ActiveCfg = Debug|Any CPU
		{5E4D5385-B87C-4EC0-83AD-C26CC60E88CF}.Debug|Any CPU.Build.0 = Debug|Any CPU
		{5E4D5385-B87C-4EC0-83AD-C26CC60E88CF}.Release|Any CPU.ActiveCfg = Release|Any CPU
		{5E4D5385-B87C-4EC0-83AD-C26CC60E88CF}.Release|Any CPU.Build.0 = Release|Any CPU
		{63613AAE-1AE5-4329-9CDC-978833E485F3}.Debug|Any CPU.ActiveCfg = Debug|Any CPU
		{63613AAE-1AE5-4329-9CDC-978833E485F3}.Debug|Any CPU.Build.0 = Debug|Any CPU
		{63613AAE-1AE5-4329-9CDC-978833E485F3}.Release|Any CPU.ActiveCfg = Release|Any CPU
		{63613AAE-1AE5-4329-9CDC-978833E485F3}.Release|Any CPU.Build.0 = Release|Any CPU
		{B4C8B6A2-9E22-49C5-9FE6-8FCBC1C3274F}.Debug|Any CPU.ActiveCfg = Debug|Any CPU
		{B4C8B6A2-9E22-49C5-9FE6-8FCBC1C3274F}.Debug|Any CPU.Build.0 = Debug|Any CPU
		{B4C8B6A2-9E22-49C5-9FE6-8FCBC1C3274F}.Release|Any CPU.ActiveCfg = Release|Any CPU
		{B4C8B6A2-9E22-49C5-9FE6-8FCBC1C3274F}.Release|Any CPU.Build.0 = Release|Any CPU
	EndGlobalSection
	GlobalSection(SolutionProperties) = preSolution
		HideSolutionNode = FALSE
	EndGlobalSection
	GlobalSection(NestedProjects) = preSolution
		{D966B1D0-C7B1-4B67-B39C-F480CD0FF7AF} = {FAFF79F8-26A3-47D9-B3D8-83C2BDF1247B}
		{AB9158A8-95BD-4D66-9F10-3953814E74FE} = {FAFF79F8-26A3-47D9-B3D8-83C2BDF1247B}
		{7B8938B0-4830-47C8-8D1A-52258FBC5898} = {FAFF79F8-26A3-47D9-B3D8-83C2BDF1247B}
		{BDE18E86-C387-408F-AF23-774D97785386} = {FAFF79F8-26A3-47D9-B3D8-83C2BDF1247B}
		{2E941362-15FF-41FA-976A-F58BFBA41081} = {FAFF79F8-26A3-47D9-B3D8-83C2BDF1247B}
		{F511169B-888D-4655-9E48-E57DF56522DD} = {FAFF79F8-26A3-47D9-B3D8-83C2BDF1247B}
		{47B62A70-A269-41C5-B938-8D77A4E932BF} = {E936B385-CB13-4A1F-B6F2-5AF95AE1A32B}
		{0A0E1161-7D69-402F-9667-55622018000E} = {E936B385-CB13-4A1F-B6F2-5AF95AE1A32B}
		{61F146DC-6C3B-4A74-9358-68743C18E022} = {E936B385-CB13-4A1F-B6F2-5AF95AE1A32B}
		{6C197049-FA65-4A5B-BF1C-0179FDB22B0F} = {FAFF79F8-26A3-47D9-B3D8-83C2BDF1247B}
		{674EE262-75CD-4C7B-84EC-88ACE52B22A0} = {C2FFDCDD-3EE0-4349-A7E8-C3F9213CAE61}
		{BC61A376-842A-4A34-B16A-86DB56EE9B30} = {FAFF79F8-26A3-47D9-B3D8-83C2BDF1247B}
		{F91202B9-20CE-4E38-B637-B561B25E0B53} = {9BCBCDBB-4719-4800-8084-A7F7EBD5C78C}
		{5E4D5385-B87C-4EC0-83AD-C26CC60E88CF} = {D0546187-4158-4B85-9B1F-498BDD934B15}
		{63613AAE-1AE5-4329-9CDC-978833E485F3} = {D0546187-4158-4B85-9B1F-498BDD934B15}
		{B4C8B6A2-9E22-49C5-9FE6-8FCBC1C3274F} = {D0546187-4158-4B85-9B1F-498BDD934B15}
	EndGlobalSection
	GlobalSection(ExtensibilityGlobals) = postSolution
		SolutionGuid = {8A0D0704-6816-48F5-82D5-7A368F5EF6C4}
	EndGlobalSection
EndGlobal
